
Microsoft Visual Studio Solution File, Format Version 12.00
# Visual Studio Version 17
VisualStudioVersion = 17.0.31903.59
MinimumVisualStudioVersion = 10.0.40219.1
Project("{2150E333-8FDC-42A3-9474-1A3956D46DE8}") = "src", "src", "{827E0CD3-B72D-47B6-A68D-7590B98EB39B}"
EndProject
Project("{FAE04EC0-301F-11D3-BF4B-00C04F79EFBC}") = "GymManager.Domain", "src\GymManager.Domain\GymManager.Domain.csproj", "{C44DC661-ABA3-4006-B533-9C494C0DCAFA}"
EndProject
Project("{FAE04EC0-301F-11D3-BF4B-00C04F79EFBC}") = "GymManager.Data", "src\GymManager.Data\GymManager.Data.csproj", "{E523D331-7DFF-4C0D-89BF-7188234A0F9B}"
EndProject
Project("{FAE04EC0-301F-11D3-BF4B-00C04F79EFBC}") = "GymManager.App", "src\GymManager.App\GymManager.App.csproj", "{08B5347B-075F-42F6-B8E5-719F00822F0E}"
EndProject
Global
	GlobalSection(SolutionConfigurationPlatforms) = preSolution
		Debug|Any CPU = Debug|Any CPU
		Debug|x64 = Debug|x64
		Debug|x86 = Debug|x86
		Release|Any CPU = Release|Any CPU
		Release|x64 = Release|x64
		Release|x86 = Release|x86
	EndGlobalSection
	GlobalSection(ProjectConfigurationPlatforms) = postSolution
		{C44DC661-ABA3-4006-B533-9C494C0DCAFA}.Debug|Any CPU.ActiveCfg = Debug|Any CPU
		{C44DC661-ABA3-4006-B533-9C494C0DCAFA}.Debug|Any CPU.Build.0 = Debug|Any CPU
		{C44DC661-ABA3-4006-B533-9C494C0DCAFA}.Debug|x64.ActiveCfg = Debug|Any CPU
		{C44DC661-ABA3-4006-B533-9C494C0DCAFA}.Debug|x64.Build.0 = Debug|Any CPU
		{C44DC661-ABA3-4006-B533-9C494C0DCAFA}.Debug|x86.ActiveCfg = Debug|Any CPU
		{C44DC661-ABA3-4006-B533-9C494C0DCAFA}.Debug|x86.Build.0 = Debug|Any CPU
		{C44DC661-ABA3-4006-B533-9C494C0DCAFA}.Release|Any CPU.ActiveCfg = Release|Any CPU
		{C44DC661-ABA3-4006-B533-9C494C0DCAFA}.Release|Any CPU.Build.0 = Release|Any CPU
		{C44DC661-ABA3-4006-B533-9C494C0DCAFA}.Release|x64.ActiveCfg = Release|Any CPU
		{C44DC661-ABA3-4006-B533-9C494C0DCAFA}.Release|x64.Build.0 = Release|Any CPU
		{C44DC661-ABA3-4006-B533-9C494C0DCAFA}.Release|x86.ActiveCfg = Release|Any CPU
		{C44DC661-ABA3-4006-B533-9C494C0DCAFA}.Release|x86.Build.0 = Release|Any CPU
		{E523D331-7DFF-4C0D-89BF-7188234A0F9B}.Debug|Any CPU.ActiveCfg = Debug|Any CPU
		{E523D331-7DFF-4C0D-89BF-7188234A0F9B}.Debug|Any CPU.Build.0 = Debug|Any CPU
		{E523D331-7DFF-4C0D-89BF-7188234A0F9B}.Debug|x64.ActiveCfg = Debug|Any CPU
		{E523D331-7DFF-4C0D-89BF-7188234A0F9B}.Debug|x64.Build.0 = Debug|Any CPU
		{E523D331-7DFF-4C0D-89BF-7188234A0F9B}.Debug|x86.ActiveCfg = Debug|Any CPU
		{E523D331-7DFF-4C0D-89BF-7188234A0F9B}.Debug|x86.Build.0 = Debug|Any CPU
		{E523D331-7DFF-4C0D-89BF-7188234A0F9B}.Release|Any CPU.ActiveCfg = Release|Any CPU
		{E523D331-7DFF-4C0D-89BF-7188234A0F9B}.Release|Any CPU.Build.0 = Release|Any CPU
		{E523D331-7DFF-4C0D-89BF-7188234A0F9B}.Release|x64.ActiveCfg = Release|Any CPU
		{E523D331-7DFF-4C0D-89BF-7188234A0F9B}.Release|x64.Build.0 = Release|Any CPU
		{E523D331-7DFF-4C0D-89BF-7188234A0F9B}.Release|x86.ActiveCfg = Release|Any CPU
		{E523D331-7DFF-4C0D-89BF-7188234A0F9B}.Release|x86.Build.0 = Release|Any CPU
		{08B5347B-075F-42F6-B8E5-719F00822F0E}.Debug|Any CPU.ActiveCfg = Debug|Any CPU
		{08B5347B-075F-42F6-B8E5-719F00822F0E}.Debug|Any CPU.Build.0 = Debug|Any CPU
		{08B5347B-075F-42F6-B8E5-719F00822F0E}.Debug|x64.ActiveCfg = Debug|Any CPU
		{08B5347B-075F-42F6-B8E5-719F00822F0E}.Debug|x64.Build.0 = Debug|Any CPU
		{08B5347B-075F-42F6-B8E5-719F00822F0E}.Debug|x86.ActiveCfg = Debug|Any CPU
		{08B5347B-075F-42F6-B8E5-719F00822F0E}.Debug|x86.Build.0 = Debug|Any CPU
		{08B5347B-075F-42F6-B8E5-719F00822F0E}.Release|Any CPU.ActiveCfg = Release|Any CPU
		{08B5347B-075F-42F6-B8E5-719F00822F0E}.Release|Any CPU.Build.0 = Release|Any CPU
		{08B5347B-075F-42F6-B8E5-719F00822F0E}.Release|x64.ActiveCfg = Release|Any CPU
		{08B5347B-075F-42F6-B8E5-719F00822F0E}.Release|x64.Build.0 = Release|Any CPU
		{08B5347B-075F-42F6-B8E5-719F00822F0E}.Release|x86.ActiveCfg = Release|Any CPU
		{08B5347B-075F-42F6-B8E5-719F00822F0E}.Release|x86.Build.0 = Release|Any CPU
	EndGlobalSection
	GlobalSection(SolutionProperties) = preSolution
		HideSolutionNode = FALSE
	EndGlobalSection
	GlobalSection(NestedProjects) = preSolution
		{C44DC661-ABA3-4006-B533-9C494C0DCAFA} = {827E0CD3-B72D-47B6-A68D-7590B98EB39B}
		{E523D331-7DFF-4C0D-89BF-7188234A0F9B} = {827E0CD3-B72D-47B6-A68D-7590B98EB39B}
		{08B5347B-075F-42F6-B8E5-719F00822F0E} = {827E0CD3-B72D-47B6-A68D-7590B98EB39B}
	EndGlobalSection
EndGlobal
